
Microsoft Visual Studio Solution File, Format Version 11.00
# Visual Studio 2010
Project("{FAE04EC0-301F-11D3-BF4B-00C04F79EFBC}") = "TestProject1", "TestProject1\TestProject1.csproj", "{6DD6EFAC-C773-47AF-A6B8-EC949ED93AA2}"
EndProject
Project("{2150E333-8FDC-42A3-9474-1A3956D46DE8}") = "Solution Items", "Solution Items", "{FAD87256-146A-45F8-9725-F0D5529BDD24}"
	ProjectSection(SolutionItems) = preProject
		Local.testsettings = Local.testsettings
		TestProject1.vsmdi = TestProject1.vsmdi
		TraceAndTestImpact.testsettings = TraceAndTestImpact.testsettings
	EndProjectSection
EndProject
Global
	GlobalSection(TestCaseManagementSettings) = postSolution
		CategoryFile = TestProject1.vsmdi
	EndGlobalSection
	GlobalSection(SolutionConfigurationPlatforms) = preSolution
		Debug|Any CPU = Debug|Any CPU
		Release|Any CPU = Release|Any CPU
	EndGlobalSection
	GlobalSection(ProjectConfigurationPlatforms) = postSolution
		{6DD6EFAC-C773-47AF-A6B8-EC949ED93AA2}.Debug|Any CPU.ActiveCfg = Debug|Any CPU
		{6DD6EFAC-C773-47AF-A6B8-EC949ED93AA2}.Debug|Any CPU.Build.0 = Debug|Any CPU
		{6DD6EFAC-C773-47AF-A6B8-EC949ED93AA2}.Release|Any CPU.ActiveCfg = Release|Any CPU
		{6DD6EFAC-C773-47AF-A6B8-EC949ED93AA2}.Release|Any CPU.Build.0 = Release|Any CPU
	EndGlobalSection
	GlobalSection(SolutionProperties) = preSolution
		HideSolutionNode = FALSE
	EndGlobalSection
EndGlobal
